#name: Upgrade yarn.lock
#
#on:
#  schedule:
#    - cron: "0 0 * * 1"
#
#jobs:
#  update:
#    name: Upgrade yarn.lock
#    runs-on: ubuntu-latest
#    steps:
#      - name: Checkout
#        uses: actions/checkout@v2
#      - name: Setup Node
#        uses: actions/setup-node@v2
#        with:
#          node-version: "16"
#          cache: yarn
#      - name: Upgrade modules
#        run: yarn upgrade
#      - name: Update yarn.lock
#        run: |
#          git config user.email "lina.tsukusu@gmail.com"
#          git config user.name "LinaTsukusu"
#          git add -f yarn.lock
#          if git commit -m "Update yarn.lock"; then
#            git push
#          fi
